
Microsoft Visual Studio Solution File, Format Version 12.00
# Visual Studio Version 17
VisualStudioVersion = 17.4.33205.214
MinimumVisualStudioVersion = 10.0.40219.1
Project("{9A19103F-16F7-4668-BE54-9A1E7A4F7556}") = "Google.diff_match_patch.NET", "Google.diff_match_patch.NET\Google.diff_match_patch.NET.csproj", "{429D6E2E-54EC-4C23-9477-66FF4F70D8AD}"
EndProject
Project("{FAE04EC0-301F-11D3-BF4B-00C04F79EFBC}") = "Google.diff_match_patch.NET.NUnitTest", "Google.diff_match_patch.NET.NUnitTest\Google.diff_match_patch.NET.NUnitTest.csproj", "{1F83E487-A909-4FF2-A528-22FF2269320E}"
EndProject
Global
	GlobalSection(SolutionConfigurationPlatforms) = preSolution
		Debug|Any CPU = Debug|Any CPU
		Release|Any CPU = Release|Any CPU
	EndGlobalSection
	GlobalSection(ProjectConfigurationPlatforms) = postSolution
		{429D6E2E-54EC-4C23-9477-66FF4F70D8AD}.Debug|Any CPU.ActiveCfg = Debug|Any CPU
		{429D6E2E-54EC-4C23-9477-66FF4F70D8AD}.Debug|Any CPU.Build.0 = Debug|Any CPU
		{429D6E2E-54EC-4C23-9477-66FF4F70D8AD}.Release|Any CPU.ActiveCfg = Release|Any CPU
		{429D6E2E-54EC-4C23-9477-66FF4F70D8AD}.Release|Any CPU.Build.0 = Release|Any CPU
		{1F83E487-A909-4FF2-A528-22FF2269320E}.Debug|Any CPU.ActiveCfg = Debug|Any CPU
		{1F83E487-A909-4FF2-A528-22FF2269320E}.Debug|Any CPU.Build.0 = Debug|Any CPU
		{1F83E487-A909-4FF2-A528-22FF2269320E}.Release|Any CPU.ActiveCfg = Release|Any CPU
		{1F83E487-A909-4FF2-A528-22FF2269320E}.Release|Any CPU.Build.0 = Release|Any CPU
	EndGlobalSection
	GlobalSection(SolutionProperties) = preSolution
		HideSolutionNode = FALSE
	EndGlobalSection
	GlobalSection(ExtensibilityGlobals) = postSolution
		SolutionGuid = {6F1A4A3D-C293-498F-B099-E91E6424221B}
	EndGlobalSection
EndGlobal
